
Microsoft Visual Studio Solution File, Format Version 12.00
# Visual Studio 15
VisualStudioVersion = 15.0.27130.2036
MinimumVisualStudioVersion = 10.0.40219.1
Project("{FAE04EC0-301F-11D3-BF4B-00C04F79EFBC}") = "WebApplication1", "WebApplication1\WebApplication1.csproj", "{ABB6F943-C8A9-4504-B742-7D5DF88B4C4D}"
EndProject
Global
	GlobalSection(SolutionConfigurationPlatforms) = preSolution
		Debug|Any CPU = Debug|Any CPU
		Release|Any CPU = Release|Any CPU
	EndGlobalSection
	GlobalSection(ProjectConfigurationPlatforms) = postSolution
		{ABB6F943-C8A9-4504-B742-7D5DF88B4C4D}.Debug|Any CPU.ActiveCfg = Debug|Any CPU
		{ABB6F943-C8A9-4504-B742-7D5DF88B4C4D}.Debug|Any CPU.Build.0 = Debug|Any CPU
		{ABB6F943-C8A9-4504-B742-7D5DF88B4C4D}.Release|Any CPU.ActiveCfg = Release|Any CPU
		{ABB6F943-C8A9-4504-B742-7D5DF88B4C4D}.Release|Any CPU.Build.0 = Release|Any CPU
	EndGlobalSection
	GlobalSection(SolutionProperties) = preSolution
		HideSolutionNode = FALSE
	EndGlobalSection
	GlobalSection(ExtensibilityGlobals) = postSolution
		SolutionGuid = {15E76779-7E60-4C7E-9E64-1933A72801AE}
	EndGlobalSection
EndGlobal
